// !$*UTF8*$!
{
	archiveVersion = 1;
	classes = {
	};
	objectVersion = 50;
	objects = {

/* Begin PBXBuildFile section */
		1BC997B02185DEB700CCE68B /* AppDelegate.swift in Sources */ = {isa = PBXBuildFile; fileRef = 1BC997AF2185DEB700CCE68B /* AppDelegate.swift */; };
		1BC997B22185DEB700CCE68B /* ViewController.swift in Sources */ = {isa = PBXBuildFile; fileRef = 1BC997B12185DEB700CCE68B /* ViewController.swift */; };
		1BC997B52185DEB700CCE68B /* Main.storyboard in Resources */ = {isa = PBXBuildFile; fileRef = 1BC997B32185DEB700CCE68B /* Main.storyboard */; };
		1BC997B72185DEBB00CCE68B /* Assets.xcassets in Resources */ = {isa = PBXBuildFile; fileRef = 1BC997B62185DEBB00CCE68B /* Assets.xcassets */; };
		1BC997BA2185DEBB00CCE68B /* LaunchScreen.storyboard in Resources */ = {isa = PBXBuildFile; fileRef = 1BC997B82185DEBB00CCE68B /* LaunchScreen.storyboard */; };
		1BC997C22185ED2400CCE68B /* MainTabBarController.swift in Sources */ = {isa = PBXBuildFile; fileRef = 1BC997C12185ED2400CCE68B /* MainTabBarController.swift */; };
		1BC997C42185F73500CCE68B /* LatestCardsController.swift in Sources */ = {isa = PBXBuildFile; fileRef = 1BC997C32185F73500CCE68B /* LatestCardsController.swift */; };
		1BC997C62185FD1700CCE68B /* PinterestLayout.swift in Sources */ = {isa = PBXBuildFile; fileRef = 1BC997C52185FD1700CCE68B /* PinterestLayout.swift */; };
		1BC997C82186004200CCE68B /* CustomImageView.swift in Sources */ = {isa = PBXBuildFile; fileRef = 1BC997C72186004200CCE68B /* CustomImageView.swift */; };
		1BC997CA2186006500CCE68B /* LatestCardsCustomCell.swift in Sources */ = {isa = PBXBuildFile; fileRef = 1BC997C92186006500CCE68B /* LatestCardsCustomCell.swift */; };
		1BC997CC2186063E00CCE68B /* Extension+UIView.swift in Sources */ = {isa = PBXBuildFile; fileRef = 1BC997CB2186063E00CCE68B /* Extension+UIView.swift */; };
		B7EB1155A7324220C17508EF /* Pods_WallOfCards.framework in Frameworks */ = {isa = PBXBuildFile; fileRef = DD0A736CE7C535621A6611DC /* Pods_WallOfCards.framework */; };
/* End PBXBuildFile section */

/* Begin PBXFileReference section */
		1BC997AC2185DEB700CCE68B /* WallOfCards.app */ = {isa = PBXFileReference; explicitFileType = wrapper.application; includeInIndex = 0; path = WallOfCards.app; sourceTree = BUILT_PRODUCTS_DIR; };
		1BC997AF2185DEB700CCE68B /* AppDelegate.swift */ = {isa = PBXFileReference; lastKnownFileType = sourcecode.swift; path = AppDelegate.swift; sourceTree = "<group>"; };
		1BC997B12185DEB700CCE68B /* ViewController.swift */ = {isa = PBXFileReference; lastKnownFileType = sourcecode.swift; path = ViewController.swift; sourceTree = "<group>"; };
		1BC997B42185DEB700CCE68B /* Base */ = {isa = PBXFileReference; lastKnownFileType = file.storyboard; name = Base; path = Base.lproj/Main.storyboard; sourceTree = "<group>"; };
		1BC997B62185DEBB00CCE68B /* Assets.xcassets */ = {isa = PBXFileReference; lastKnownFileType = folder.assetcatalog; path = Assets.xcassets; sourceTree = "<group>"; };
		1BC997B92185DEBB00CCE68B /* Base */ = {isa = PBXFileReference; lastKnownFileType = file.storyboard; name = Base; path = Base.lproj/LaunchScreen.storyboard; sourceTree = "<group>"; };
		1BC997BB2185DEBB00CCE68B /* Info.plist */ = {isa = PBXFileReference; lastKnownFileType = text.plist.xml; path = Info.plist; sourceTree = "<group>"; };
		1BC997C12185ED2400CCE68B /* MainTabBarController.swift */ = {isa = PBXFileReference; lastKnownFileType = sourcecode.swift; path = MainTabBarController.swift; sourceTree = "<group>"; };
		1BC997C32185F73500CCE68B /* LatestCardsController.swift */ = {isa = PBXFileReference; lastKnownFileType = sourcecode.swift; path = LatestCardsController.swift; sourceTree = "<group>"; };
		1BC997C52185FD1700CCE68B /* PinterestLayout.swift */ = {isa = PBXFileReference; lastKnownFileType = sourcecode.swift; path = PinterestLayout.swift; sourceTree = "<group>"; };
		1BC997C72186004200CCE68B /* CustomImageView.swift */ = {isa = PBXFileReference; lastKnownFileType = sourcecode.swift; path = CustomImageView.swift; sourceTree = "<group>"; };
		1BC997C92186006500CCE68B /* LatestCardsCustomCell.swift */ = {isa = PBXFileReference; lastKnownFileType = sourcecode.swift; path = LatestCardsCustomCell.swift; sourceTree = "<group>"; };
		1BC997CB2186063E00CCE68B /* Extension+UIView.swift */ = {isa = PBXFileReference; lastKnownFileType = sourcecode.swift; path = "Extension+UIView.swift"; sourceTree = "<group>"; };
		DB7237A5A584284733DB2B69 /* Pods-WallOfCards.debug.xcconfig */ = {isa = PBXFileReference; includeInIndex = 1; lastKnownFileType = text.xcconfig; name = "Pods-WallOfCards.debug.xcconfig"; path = "Pods/Target Support Files/Pods-WallOfCards/Pods-WallOfCards.debug.xcconfig"; sourceTree = "<group>"; };
		DD0A736CE7C535621A6611DC /* Pods_WallOfCards.framework */ = {isa = PBXFileReference; explicitFileType = wrapper.framework; includeInIndex = 0; path = Pods_WallOfCards.framework; sourceTree = BUILT_PRODUCTS_DIR; };
		F27EB0573219D5F9FE31FAE2 /* Pods-WallOfCards.release.xcconfig */ = {isa = PBXFileReference; includeInIndex = 1; lastKnownFileType = text.xcconfig; name = "Pods-WallOfCards.release.xcconfig"; path = "Pods/Target Support Files/Pods-WallOfCards/Pods-WallOfCards.release.xcconfig"; sourceTree = "<group>"; };
/* End PBXFileReference section */

/* Begin PBXFrameworksBuildPhase section */
		1BC997A92185DEB700CCE68B /* Frameworks */ = {
			isa = PBXFrameworksBuildPhase;
			buildActionMask = 2147483647;
			files = (
				B7EB1155A7324220C17508EF /* Pods_WallOfCards.framework in Frameworks */,
			);
			runOnlyForDeploymentPostprocessing = 0;
		};
/* End PBXFrameworksBuildPhase section */

/* Begin PBXGroup section */
		1199876A778E1E7C83338C9A /* Frameworks */ = {
			isa = PBXGroup;
			children = (
				DD0A736CE7C535621A6611DC /* Pods_WallOfCards.framework */,
			);
			name = Frameworks;
			sourceTree = "<group>";
		};
		1BC997A32185DEB700CCE68B = {
			isa = PBXGroup;
			children = (
				1BC997AE2185DEB700CCE68B /* WallOfCards */,
				1BC997AD2185DEB700CCE68B /* Products */,
				23D5626BC7C380E08B8E925C /* Pods */,
				1199876A778E1E7C83338C9A /* Frameworks */,
			);
			sourceTree = "<group>";
		};
		1BC997AD2185DEB700CCE68B /* Products */ = {
			isa = PBXGroup;
			children = (
				1BC997AC2185DEB700CCE68B /* WallOfCards.app */,
			);
			name = Products;
			sourceTree = "<group>";
		};
		1BC997AE2185DEB700CCE68B /* WallOfCards */ = {
			isa = PBXGroup;
			children = (
				1BC997AF2185DEB700CCE68B /* AppDelegate.swift */,
				1BC997B12185DEB700CCE68B /* ViewController.swift */,
				1BC997B32185DEB700CCE68B /* Main.storyboard */,
				1BC997B62185DEBB00CCE68B /* Assets.xcassets */,
				1BC997B82185DEBB00CCE68B /* LaunchScreen.storyboard */,
				1BC997BB2185DEBB00CCE68B /* Info.plist */,
				1BC997C12185ED2400CCE68B /* MainTabBarController.swift */,
				1BC997C32185F73500CCE68B /* LatestCardsController.swift */,
				1BC997C52185FD1700CCE68B /* PinterestLayout.swift */,
				1BC997C72186004200CCE68B /* CustomImageView.swift */,
				1BC997C92186006500CCE68B /* LatestCardsCustomCell.swift */,
				1BC997CB2186063E00CCE68B /* Extension+UIView.swift */,
			);
			path = WallOfCards;
			sourceTree = "<group>";
		};
		23D5626BC7C380E08B8E925C /* Pods */ = {
			isa = PBXGroup;
			children = (
				DB7237A5A584284733DB2B69 /* Pods-WallOfCards.debug.xcconfig */,
				F27EB0573219D5F9FE31FAE2 /* Pods-WallOfCards.release.xcconfig */,
			);
			name = Pods;
			sourceTree = "<group>";
		};
/* End PBXGroup section */

/* Begin PBXNativeTarget section */
		1BC997AB2185DEB700CCE68B /* WallOfCards */ = {
			isa = PBXNativeTarget;
			buildConfigurationList = 1BC997BE2185DEBB00CCE68B /* Build configuration list for PBXNativeTarget "WallOfCards" */;
			buildPhases = (
				84249FBFCC372BF1A29BF57D /* [CP] Check Pods Manifest.lock */,
				1BC997A82185DEB700CCE68B /* Sources */,
				1BC997A92185DEB700CCE68B /* Frameworks */,
				1BC997AA2185DEB700CCE68B /* Resources */,
				C544EA5BA387356E4B094351 /* [CP] Embed Pods Frameworks */,
			);
			buildRules = (
			);
			dependencies = (
			);
			name = WallOfCards;
			productName = WallOfCards;
			productReference = 1BC997AC2185DEB700CCE68B /* WallOfCards.app */;
			productType = "com.apple.product-type.application";
		};
/* End PBXNativeTarget section */

/* Begin PBXProject section */
		1BC997A42185DEB700CCE68B /* Project object */ = {
			isa = PBXProject;
			attributes = {
				LastSwiftUpdateCheck = 1000;
				LastUpgradeCheck = 1000;
				ORGANIZATIONNAME = "twisted echo";
				TargetAttributes = {
					1BC997AB2185DEB700CCE68B = {
						CreatedOnToolsVersion = 10.0;
					};
				};
			};
			buildConfigurationList = 1BC997A72185DEB700CCE68B /* Build configuration list for PBXProject "WallOfCards" */;
			compatibilityVersion = "Xcode 9.3";
			developmentRegion = en;
			hasScannedForEncodings = 0;
			knownRegions = (
				en,
				Base,
			);
			mainGroup = 1BC997A32185DEB700CCE68B;
			productRefGroup = 1BC997AD2185DEB700CCE68B /* Products */;
			projectDirPath = "";
			projectRoot = "";
			targets = (
				1BC997AB2185DEB700CCE68B /* WallOfCards */,
			);
		};
/* End PBXProject section */

/* Begin PBXResourcesBuildPhase section */
		1BC997AA2185DEB700CCE68B /* Resources */ = {
			isa = PBXResourcesBuildPhase;
			buildActionMask = 2147483647;
			files = (
				1BC997BA2185DEBB00CCE68B /* LaunchScreen.storyboard in Resources */,
				1BC997B72185DEBB00CCE68B /* Assets.xcassets in Resources */,
				1BC997B52185DEB700CCE68B /* Main.storyboard in Resources */,
			);
			runOnlyForDeploymentPostprocessing = 0;
		};
/* End PBXResourcesBuildPhase section */

/* Begin PBXShellScriptBuildPhase section */
		84249FBFCC372BF1A29BF57D /* [CP] Check Pods Manifest.lock */ = {
			isa = PBXShellScriptBuildPhase;
			buildActionMask = 2147483647;
			files = (
			);
			inputPaths = (
				"${PODS_PODFILE_DIR_PATH}/Podfile.lock",
				"${PODS_ROOT}/Manifest.lock",
			);
			name = "[CP] Check Pods Manifest.lock";
			outputPaths = (
				"$(DERIVED_FILE_DIR)/Pods-WallOfCards-checkManifestLockResult.txt",
			);
			runOnlyForDeploymentPostprocessing = 0;
			shellPath = /bin/sh;
			shellScript = "diff \"${PODS_PODFILE_DIR_PATH}/Podfile.lock\" \"${PODS_ROOT}/Manifest.lock\" > /dev/null\nif [ $? != 0 ] ; then\n    # print error to STDERR\n    echo \"error: The sandbox is not in sync with the Podfile.lock. Run 'pod install' or update your CocoaPods installation.\" >&2\n    exit 1\nfi\n# This output is used by Xcode 'outputs' to avoid re-running this script phase.\necho \"SUCCESS\" > \"${SCRIPT_OUTPUT_FILE_0}\"\n";
			showEnvVarsInLog = 0;
		};
		C544EA5BA387356E4B094351 /* [CP] Embed Pods Frameworks */ = {
			isa = PBXShellScriptBuildPhase;
			buildActionMask = 2147483647;
			files = (
			);
			inputPaths = (
				"${SRCROOT}/Pods/Target Support Files/Pods-WallOfCards/Pods-WallOfCards-frameworks.sh",
				"${BUILT_PRODUCTS_DIR}/ADMozaicCollectionViewLayout/ADMozaicCollectionViewLayout.framework",
			);
			name = "[CP] Embed Pods Frameworks";
			outputPaths = (
				"${TARGET_BUILD_DIR}/${FRAMEWORKS_FOLDER_PATH}/ADMozaicCollectionViewLayout.framework",
			);
			runOnlyForDeploymentPostprocessing = 0;
			shellPath = /bin/sh;
			shellScript = "\"${SRCROOT}/Pods/Target Support Files/Pods-WallOfCards/Pods-WallOfCards-frameworks.sh\"\n";
			showEnvVarsInLog = 0;
		};
/* End PBXShellScriptBuildPhase section */

/* Begin PBXSourcesBuildPhase section */
		1BC997A82185DEB700CCE68B /* Sources */ = {
			isa = PBXSourcesBuildPhase;
			buildActionMask = 2147483647;
			files = (
				1BC997C62185FD1700CCE68B /* PinterestLayout.swift in Sources */,
				1BC997C82186004200CCE68B /* CustomImageView.swift in Sources */,
				1BC997CC2186063E00CCE68B /* Extension+UIView.swift in Sources */,
				1BC997C42185F73500CCE68B /* LatestCardsController.swift in Sources */,
				1BC997B22185DEB700CCE68B /* ViewController.swift in Sources */,
				1BC997B02185DEB700CCE68B /* AppDelegate.swift in Sources */,
				1BC997C22185ED2400CCE68B /* MainTabBarController.swift in Sources */,
				1BC997CA2186006500CCE68B /* LatestCardsCustomCell.swift in Sources */,
			);
			runOnlyForDeploymentPostprocessing = 0;
		};
/* End PBXSourcesBuildPhase section */

/* Begin PBXVariantGroup section */
		1BC997B32185DEB700CCE68B /* Main.storyboard */ = {
			isa = PBXVariantGroup;
			children = (
				1BC997B42185DEB700CCE68B /* Base */,
			);
			name = Main.storyboard;
			sourceTree = "<group>";
		};
		1BC997B82185DEBB00CCE68B /* LaunchScreen.storyboard */ = {
			isa = PBXVariantGroup;
			children = (
				1BC997B92185DEBB00CCE68B /* Base */,
			);
			name = LaunchScreen.storyboard;
			sourceTree = "<group>";
		};
/* End PBXVariantGroup section */

/* Begin XCBuildConfiguration section */
		1BC997BC2185DEBB00CCE68B /* Debug */ = {
			isa = XCBuildConfiguration;
			buildSettings = {
				ALWAYS_SEARCH_USER_PATHS = NO;
				CLANG_ANALYZER_NONNULL = YES;
				CLANG_ANALYZER_NUMBER_OBJECT_CONVERSION = YES_AGGRESSIVE;
				CLANG_CXX_LANGUAGE_STANDARD = "gnu++14";
				CLANG_CXX_LIBRARY = "libc++";
				CLANG_ENABLE_MODULES = YES;
				CLANG_ENABLE_OBJC_ARC = YES;
				CLANG_ENABLE_OBJC_WEAK = YES;
				CLANG_WARN_BLOCK_CAPTURE_AUTORELEASING = YES;
				CLANG_WARN_BOOL_CONVERSION = YES;
				CLANG_WARN_COMMA = YES;
				CLANG_WARN_CONSTANT_CONVERSION = YES;
				CLANG_WARN_DEPRECATED_OBJC_IMPLEMENTATIONS = YES;
				CLANG_WARN_DIRECT_OBJC_ISA_USAGE = YES_ERROR;
				CLANG_WARN_DOCUMENTATION_COMMENTS = YES;
				CLANG_WARN_EMPTY_BODY = YES;
				CLANG_WARN_ENUM_CONVERSION = YES;
				CLANG_WARN_INFINITE_RECURSION = YES;
				CLANG_WARN_INT_CONVERSION = YES;
				CLANG_WARN_NON_LITERAL_NULL_CONVERSION = YES;
				CLANG_WARN_OBJC_IMPLICIT_RETAIN_SELF = YES;
				CLANG_WARN_OBJC_LITERAL_CONVERSION = YES;
				CLANG_WARN_OBJC_ROOT_CLASS = YES_ERROR;
				CLANG_WARN_RANGE_LOOP_ANALYSIS = YES;
				CLANG_WARN_STRICT_PROTOTYPES = YES;
				CLANG_WARN_SUSPICIOUS_MOVE = YES;
				CLANG_WARN_UNGUARDED_AVAILABILITY = YES_AGGRESSIVE;
				CLANG_WARN_UNREACHABLE_CODE = YES;
				CLANG_WARN__DUPLICATE_METHOD_MATCH = YES;
				CODE_SIGN_IDENTITY = "iPhone Developer";
				COPY_PHASE_STRIP = NO;
				DEBUG_INFORMATION_FORMAT = dwarf;
				ENABLE_STRICT_OBJC_MSGSEND = YES;
				ENABLE_TESTABILITY = YES;
				GCC_C_LANGUAGE_STANDARD = gnu11;
				GCC_DYNAMIC_NO_PIC = NO;
				GCC_NO_COMMON_BLOCKS = YES;
				GCC_OPTIMIZATION_LEVEL = 0;
				GCC_PREPROCESSOR_DEFINITIONS = (
					"DEBUG=1",
					"$(inherited)",
				);
				GCC_WARN_64_TO_32_BIT_CONVERSION = YES;
				GCC_WARN_ABOUT_RETURN_TYPE = YES_ERROR;
				GCC_WARN_UNDECLARED_SELECTOR = YES;
				GCC_WARN_UNINITIALIZED_AUTOS = YES_AGGRESSIVE;
				GCC_WARN_UNUSED_FUNCTION = YES;
				GCC_WARN_UNUSED_VARIABLE = YES;
				IPHONEOS_DEPLOYMENT_TARGET = 12.0;
				MTL_ENABLE_DEBUG_INFO = INCLUDE_SOURCE;
				MTL_FAST_MATH = YES;
				ONLY_ACTIVE_ARCH = YES;
				SDKROOT = iphoneos;
				SWIFT_ACTIVE_COMPILATION_CONDITIONS = DEBUG;
				SWIFT_OPTIMIZATION_LEVEL = "-Onone";
			};
			name = Debug;
		};
		1BC997BD2185DEBB00CCE68B /* Release */ = {
			isa = XCBuildConfiguration;
			buildSettings = {
				ALWAYS_SEARCH_USER_PATHS = NO;
				CLANG_ANALYZER_NONNULL = YES;
				CLANG_ANALYZER_NUMBER_OBJECT_CONVERSION = YES_AGGRESSIVE;
				CLANG_CXX_LANGUAGE_STANDARD = "gnu++14";
				CLANG_CXX_LIBRARY = "libc++";
				CLANG_ENABLE_MODULES = YES;
				CLANG_ENABLE_OBJC_ARC = YES;
				CLANG_ENABLE_OBJC_WEAK = YES;
				CLANG_WARN_BLOCK_CAPTURE_AUTORELEASING = YES;
				CLANG_WARN_BOOL_CONVERSION = YES;
				CLANG_WARN_COMMA = YES;
				CLANG_WARN_CONSTANT_CONVERSION = YES;
				CLANG_WARN_DEPRECATED_OBJC_IMPLEMENTATIONS = YES;
				CLANG_WARN_DIRECT_OBJC_ISA_USAGE = YES_ERROR;
				CLANG_WARN_DOCUMENTATION_COMMENTS = YES;
				CLANG_WARN_EMPTY_BODY = YES;
				CLANG_WARN_ENUM_CONVERSION = YES;
				CLANG_WARN_INFINITE_RECURSION = YES;
				CLANG_WARN_INT_CONVERSION = YES;
				CLANG_WARN_NON_LITERAL_NULL_CONVERSION = YES;
				CLANG_WARN_OBJC_IMPLICIT_RETAIN_SELF = YES;
				CLANG_WARN_OBJC_LITERAL_CONVERSION = YES;
				CLANG_WARN_OBJC_ROOT_CLASS = YES_ERROR;
				CLANG_WARN_RANGE_LOOP_ANALYSIS = YES;
				CLANG_WARN_STRICT_PROTOTYPES = YES;
				CLANG_WARN_SUSPICIOUS_MOVE = YES;
				CLANG_WARN_UNGUARDED_AVAILABILITY = YES_AGGRESSIVE;
				CLANG_WARN_UNREACHABLE_CODE = YES;
				CLANG_WARN__DUPLICATE_METHOD_MATCH = YES;
				CODE_SIGN_IDENTITY = "iPhone Developer";
				COPY_PHASE_STRIP = NO;
				DEBUG_INFORMATION_FORMAT = "dwarf-with-dsym";
				ENABLE_NS_ASSERTIONS = NO;
				ENABLE_STRICT_OBJC_MSGSEND = YES;
				GCC_C_LANGUAGE_STANDARD = gnu11;
				GCC_NO_COMMON_BLOCKS = YES;
				GCC_WARN_64_TO_32_BIT_CONVERSION = YES;
				GCC_WARN_ABOUT_RETURN_TYPE = YES_ERROR;
				GCC_WARN_UNDECLARED_SELECTOR = YES;
				GCC_WARN_UNINITIALIZED_AUTOS = YES_AGGRESSIVE;
				GCC_WARN_UNUSED_FUNCTION = YES;
				GCC_WARN_UNUSED_VARIABLE = YES;
				IPHONEOS_DEPLOYMENT_TARGET = 12.0;
				MTL_ENABLE_DEBUG_INFO = NO;
				MTL_FAST_MATH = YES;
				SDKROOT = iphoneos;
				SWIFT_COMPILATION_MODE = wholemodule;
				SWIFT_OPTIMIZATION_LEVEL = "-O";
				VALIDATE_PRODUCT = YES;
			};
			name = Release;
		};
		1BC997BF2185DEBB00CCE68B /* Debug */ = {
			isa = XCBuildConfiguration;
			baseConfigurationReference = DB7237A5A584284733DB2B69 /* Pods-WallOfCards.debug.xcconfig */;
			buildSettings = {
				ASSETCATALOG_COMPILER_APPICON_NAME = AppIcon;
				CODE_SIGN_STYLE = Automatic;
				DEVELOPMENT_TEAM = UMQAGMF379;
				INFOPLIST_FILE = WallOfCards/Info.plist;
				LD_RUNPATH_SEARCH_PATHS = "$(inherited) @executable_path/Frameworks";
				PRODUCT_BUNDLE_IDENTIFIER = com.twisted.WallOfCards;
				PRODUCT_NAME = "$(TARGET_NAME)";
				SWIFT_VERSION = 4.2;
				TARGETED_DEVICE_FAMILY = "1,2";
			};
			name = Debug;
		};
		1BC997C02185DEBB00CCE68B /* Release */ = {
			isa = XCBuildConfiguration;
			baseConfigurationReference = F27EB0573219D5F9FE31FAE2 /* Pods-WallOfCards.release.xcconfig */;
			buildSettings = {
				ASSETCATALOG_COMPILER_APPICON_NAME = AppIcon;
				CODE_SIGN_STYLE = Automatic;
				DEVELOPMENT_TEAM = UMQAGMF379;
				INFOPLIST_FILE = WallOfCards/Info.plist;
				LD_RUNPATH_SEARCH_PATHS = "$(inherited) @executable_path/Frameworks";
				PRODUCT_BUNDLE_IDENTIFIER = com.twisted.WallOfCards;
				PRODUCT_NAME = "$(TARGET_NAME)";
				SWIFT_VERSION = 4.2;
				TARGETED_DEVICE_FAMILY = "1,2";
			};
			name = Release;
		};
/* End XCBuildConfiguration section */

/* Begin XCConfigurationList section */
		1BC997A72185DEB700CCE68B /* Build configuration list for PBXProject "WallOfCards" */ = {
			isa = XCConfigurationList;
			buildConfigurations = (
				1BC997BC2185DEBB00CCE68B /* Debug */,
				1BC997BD2185DEBB00CCE68B /* Release */,
			);
			defaultConfigurationIsVisible = 0;
			defaultConfigurationName = Release;
		};
		1BC997BE2185DEBB00CCE68B /* Build configuration list for PBXNativeTarget "WallOfCards" */ = {
			isa = XCConfigurationList;
			buildConfigurations = (
				1BC997BF2185DEBB00CCE68B /* Debug */,
				1BC997C02185DEBB00CCE68B /* Release */,
			);
			defaultConfigurationIsVisible = 0;
			defaultConfigurationName = Release;
		};
/* End XCConfigurationList section */
	};
	rootObject = 1BC997A42185DEB700CCE68B /* Project object */;
}
